
Microsoft Visual Studio Solution File, Format Version 12.00
# Visual Studio Version 16
VisualStudioVersion = 16.0.31624.102
MinimumVisualStudioVersion = 10.0.40219.1
Project("{FAE04EC0-301F-11D3-BF4B-00C04F79EFBC}") = "OneToManyRelationship", "OneToManyRelationship\OneToManyRelationship.csproj", "{727FDB85-EBE9-42FB-BCC3-A4FF50F8C871}"
EndProject
Global
	GlobalSection(SolutionConfigurationPlatforms) = preSolution
		Debug|Any CPU = Debug|Any CPU
		Release|Any CPU = Release|Any CPU
	EndGlobalSection
	GlobalSection(ProjectConfigurationPlatforms) = postSolution
		{727FDB85-EBE9-42FB-BCC3-A4FF50F8C871}.Debug|Any CPU.ActiveCfg = Debug|Any CPU
		{727FDB85-EBE9-42FB-BCC3-A4FF50F8C871}.Debug|Any CPU.Build.0 = Debug|Any CPU
		{727FDB85-EBE9-42FB-BCC3-A4FF50F8C871}.Release|Any CPU.ActiveCfg = Release|Any CPU
		{727FDB85-EBE9-42FB-BCC3-A4FF50F8C871}.Release|Any CPU.Build.0 = Release|Any CPU
	EndGlobalSection
	GlobalSection(SolutionProperties) = preSolution
		HideSolutionNode = FALSE
	EndGlobalSection
	GlobalSection(ExtensibilityGlobals) = postSolution
		SolutionGuid = {728707E6-C2BF-43BC-B45E-E375FCA28F36}
	EndGlobalSection
EndGlobal
